
Microsoft Visual Studio Solution File, Format Version 12.00
# Visual Studio 15
VisualStudioVersion = 15.0.28010.2003
MinimumVisualStudioVersion = 10.0.40219.1
Project("{FAE04EC0-301F-11D3-BF4B-00C04F79EFBC}") = "WindowsFormsApp2", "WindowsFormsApp2\WindowsFormsApp2.csproj", "{10292ABE-FE4B-4431-8D58-62BE45420836}"
EndProject
Global
	GlobalSection(SolutionConfigurationPlatforms) = preSolution
		Debug|Any CPU = Debug|Any CPU
		Release|Any CPU = Release|Any CPU
	EndGlobalSection
	GlobalSection(ProjectConfigurationPlatforms) = postSolution
		{10292ABE-FE4B-4431-8D58-62BE45420836}.Debug|Any CPU.ActiveCfg = Debug|Any CPU
		{10292ABE-FE4B-4431-8D58-62BE45420836}.Debug|Any CPU.Build.0 = Debug|Any CPU
		{10292ABE-FE4B-4431-8D58-62BE45420836}.Release|Any CPU.ActiveCfg = Release|Any CPU
		{10292ABE-FE4B-4431-8D58-62BE45420836}.Release|Any CPU.Build.0 = Release|Any CPU
	EndGlobalSection
	GlobalSection(SolutionProperties) = preSolution
		HideSolutionNode = FALSE
	EndGlobalSection
	GlobalSection(ExtensibilityGlobals) = postSolution
		SolutionGuid = {19302BA8-ED4B-4B59-8382-BB1B1E8DCC05}
	EndGlobalSection
EndGlobal
